
Microsoft Visual Studio Solution File, Format Version 12.00
# Visual Studio 15
VisualStudioVersion = 15.0.28307.902
MinimumVisualStudioVersion = 10.0.40219.1
Project("{9A19103F-16F7-4668-BE54-9A1E7A4F7556}") = "HRApplication.WWW", "HRApplication\HRApplication.WWW.csproj", "{4E6DBB29-1F07-4373-8FD2-78773BDE23FA}"
EndProject
Project("{9A19103F-16F7-4668-BE54-9A1E7A4F7556}") = "HRApplication.BusinessLogic", "HRApplication.BusinessLogic\HRApplication.BusinessLogic.csproj", "{9F0A9181-0964-4BDE-A949-EEFD2CB5C00F}"
EndProject
Project("{9A19103F-16F7-4668-BE54-9A1E7A4F7556}") = "HRApplication.DataAccess", "HRApplication.DataAccess\HRApplication.DataAccess.csproj", "{BBDC949A-152B-4A20-B218-8D5B5233A3B8}"
EndProject
Project("{9A19103F-16F7-4668-BE54-9A1E7A4F7556}") = "HRApplication.BuisnessEntities", "HRApplication.BuisnessEntities\HRApplication.BuisnessEntities.csproj", "{060ACD4C-A7AB-4229-9759-E9E42FBE2FAD}"
EndProject
Project("{FAE04EC0-301F-11D3-BF4B-00C04F79EFBC}") = "HRApplication.UITests", "HRApplication.UITests\HRApplication.UITests.csproj", "{FDBB7D70-04F5-428E-9912-A698254A9866}"
EndProject
Global
	GlobalSection(SolutionConfigurationPlatforms) = preSolution
		Debug|Any CPU = Debug|Any CPU
		Release|Any CPU = Release|Any CPU
	EndGlobalSection
	GlobalSection(ProjectConfigurationPlatforms) = postSolution
		{4E6DBB29-1F07-4373-8FD2-78773BDE23FA}.Debug|Any CPU.ActiveCfg = Debug|Any CPU
		{4E6DBB29-1F07-4373-8FD2-78773BDE23FA}.Debug|Any CPU.Build.0 = Debug|Any CPU
		{4E6DBB29-1F07-4373-8FD2-78773BDE23FA}.Release|Any CPU.ActiveCfg = Release|Any CPU
		{4E6DBB29-1F07-4373-8FD2-78773BDE23FA}.Release|Any CPU.Build.0 = Release|Any CPU
		{9F0A9181-0964-4BDE-A949-EEFD2CB5C00F}.Debug|Any CPU.ActiveCfg = Debug|Any CPU
		{9F0A9181-0964-4BDE-A949-EEFD2CB5C00F}.Debug|Any CPU.Build.0 = Debug|Any CPU
		{9F0A9181-0964-4BDE-A949-EEFD2CB5C00F}.Release|Any CPU.ActiveCfg = Release|Any CPU
		{9F0A9181-0964-4BDE-A949-EEFD2CB5C00F}.Release|Any CPU.Build.0 = Release|Any CPU
		{BBDC949A-152B-4A20-B218-8D5B5233A3B8}.Debug|Any CPU.ActiveCfg = Debug|Any CPU
		{BBDC949A-152B-4A20-B218-8D5B5233A3B8}.Debug|Any CPU.Build.0 = Debug|Any CPU
		{BBDC949A-152B-4A20-B218-8D5B5233A3B8}.Release|Any CPU.ActiveCfg = Release|Any CPU
		{BBDC949A-152B-4A20-B218-8D5B5233A3B8}.Release|Any CPU.Build.0 = Release|Any CPU
		{060ACD4C-A7AB-4229-9759-E9E42FBE2FAD}.Debug|Any CPU.ActiveCfg = Debug|Any CPU
		{060ACD4C-A7AB-4229-9759-E9E42FBE2FAD}.Debug|Any CPU.Build.0 = Debug|Any CPU
		{060ACD4C-A7AB-4229-9759-E9E42FBE2FAD}.Release|Any CPU.ActiveCfg = Release|Any CPU
		{060ACD4C-A7AB-4229-9759-E9E42FBE2FAD}.Release|Any CPU.Build.0 = Release|Any CPU
		{FDBB7D70-04F5-428E-9912-A698254A9866}.Debug|Any CPU.ActiveCfg = Debug|Any CPU
		{FDBB7D70-04F5-428E-9912-A698254A9866}.Debug|Any CPU.Build.0 = Debug|Any CPU
		{FDBB7D70-04F5-428E-9912-A698254A9866}.Release|Any CPU.ActiveCfg = Release|Any CPU
		{FDBB7D70-04F5-428E-9912-A698254A9866}.Release|Any CPU.Build.0 = Release|Any CPU
	EndGlobalSection
	GlobalSection(SolutionProperties) = preSolution
		HideSolutionNode = FALSE
	EndGlobalSection
	GlobalSection(ExtensibilityGlobals) = postSolution
		SolutionGuid = {813ABF06-80D7-43EB-8D31-D556522F4C1E}
	EndGlobalSection
EndGlobal
